
Microsoft Visual Studio Solution File, Format Version 12.00
# Visual Studio 14
VisualStudioVersion = 14.0.25420.1
MinimumVisualStudioVersion = 10.0.40219.1
Project("{FAE04EC0-301F-11D3-BF4B-00C04F79EFBC}") = "algorithm_FF_maxFlow", "algorithm_FF_maxFlow\algorithm_FF_maxFlow.csproj", "{E88A305A-9472-41DF-A7FD-D44875BC5717}"
EndProject
Global
	GlobalSection(SolutionConfigurationPlatforms) = preSolution
		Debug|Any CPU = Debug|Any CPU
		Release|Any CPU = Release|Any CPU
	EndGlobalSection
	GlobalSection(ProjectConfigurationPlatforms) = postSolution
		{E88A305A-9472-41DF-A7FD-D44875BC5717}.Debug|Any CPU.ActiveCfg = Debug|Any CPU
		{E88A305A-9472-41DF-A7FD-D44875BC5717}.Debug|Any CPU.Build.0 = Debug|Any CPU
		{E88A305A-9472-41DF-A7FD-D44875BC5717}.Release|Any CPU.ActiveCfg = Release|Any CPU
		{E88A305A-9472-41DF-A7FD-D44875BC5717}.Release|Any CPU.Build.0 = Release|Any CPU
	EndGlobalSection
	GlobalSection(SolutionProperties) = preSolution
		HideSolutionNode = FALSE
	EndGlobalSection
EndGlobal
